
Microsoft Visual Studio Solution File, Format Version 12.00
# Visual Studio Version 16
VisualStudioVersion = 16.0.32802.440
MinimumVisualStudioVersion = 10.0.40219.1
Project("{FAE04EC0-301F-11D3-BF4B-00C04F79EFBC}") = "webSandipform", "webSandipform\webSandipform.csproj", "{5C98352A-FB44-4CD8-8216-2AFC4FCA29EB}"
EndProject
Global
	GlobalSection(SolutionConfigurationPlatforms) = preSolution
		Debug|Any CPU = Debug|Any CPU
		Release|Any CPU = Release|Any CPU
	EndGlobalSection
	GlobalSection(ProjectConfigurationPlatforms) = postSolution
		{5C98352A-FB44-4CD8-8216-2AFC4FCA29EB}.Debug|Any CPU.ActiveCfg = Debug|Any CPU
		{5C98352A-FB44-4CD8-8216-2AFC4FCA29EB}.Debug|Any CPU.Build.0 = Debug|Any CPU
		{5C98352A-FB44-4CD8-8216-2AFC4FCA29EB}.Release|Any CPU.ActiveCfg = Release|Any CPU
		{5C98352A-FB44-4CD8-8216-2AFC4FCA29EB}.Release|Any CPU.Build.0 = Release|Any CPU
	EndGlobalSection
	GlobalSection(SolutionProperties) = preSolution
		HideSolutionNode = FALSE
	EndGlobalSection
	GlobalSection(ExtensibilityGlobals) = postSolution
		SolutionGuid = {A47EDF49-3226-4B31-B89A-AE3F4CA84265}
	EndGlobalSection
EndGlobal
